
Microsoft Visual Studio Solution File, Format Version 12.00
# Visual Studio Version 17
VisualStudioVersion = 17.4.33213.308
MinimumVisualStudioVersion = 10.0.40219.1
Project("{FAE04EC0-301F-11D3-BF4B-00C04F79EFBC}") = "ConsoleAppForPlaygroundFootball", "ConsoleAppForPlaygroundFootball\ConsoleAppForPlaygroundFootball.csproj", "{B1E996BA-8C0A-42CB-B4A8-F1A1D0CE64A0}"
EndProject
Global
	GlobalSection(SolutionConfigurationPlatforms) = preSolution
		Debug|Any CPU = Debug|Any CPU
		Release|Any CPU = Release|Any CPU
	EndGlobalSection
	GlobalSection(ProjectConfigurationPlatforms) = postSolution
		{B1E996BA-8C0A-42CB-B4A8-F1A1D0CE64A0}.Debug|Any CPU.ActiveCfg = Debug|Any CPU
		{B1E996BA-8C0A-42CB-B4A8-F1A1D0CE64A0}.Debug|Any CPU.Build.0 = Debug|Any CPU
		{B1E996BA-8C0A-42CB-B4A8-F1A1D0CE64A0}.Release|Any CPU.ActiveCfg = Release|Any CPU
		{B1E996BA-8C0A-42CB-B4A8-F1A1D0CE64A0}.Release|Any CPU.Build.0 = Release|Any CPU
	EndGlobalSection
	GlobalSection(SolutionProperties) = preSolution
		HideSolutionNode = FALSE
	EndGlobalSection
	GlobalSection(ExtensibilityGlobals) = postSolution
		SolutionGuid = {18FCCC6D-312D-40DD-B6DB-5795E4E30F98}
	EndGlobalSection
EndGlobal
